// !$*UTF8*$!
{
	archiveVersion = 1;
	classes = {
	};
	objectVersion = 50;
	objects = {

/* Begin PBXBuildFile section */
		1A3C9CF823CE371B000068B9 /* PersonController.swift in Sources */ = {isa = PBXBuildFile; fileRef = 1A3C9CF723CE371B000068B9 /* PersonController.swift */; };
		1A3C9CFD23CE4114000068B9 /* PersonSearchTableViewController.swift in Sources */ = {isa = PBXBuildFile; fileRef = 1A3C9CFC23CE4114000068B9 /* PersonSearchTableViewController.swift */; };
		1A3C9CFF23CE417D000068B9 /* PersonTableViewCell.swift in Sources */ = {isa = PBXBuildFile; fileRef = 1A3C9CFE23CE417D000068B9 /* PersonTableViewCell.swift */; };
		1ADD94E623CE2BA900360DED /* AppDelegate.swift in Sources */ = {isa = PBXBuildFile; fileRef = 1ADD94E523CE2BA900360DED /* AppDelegate.swift */; };
		1ADD94E823CE2BA900360DED /* SceneDelegate.swift in Sources */ = {isa = PBXBuildFile; fileRef = 1ADD94E723CE2BA900360DED /* SceneDelegate.swift */; };
		1ADD94ED23CE2BA900360DED /* Main.storyboard in Resources */ = {isa = PBXBuildFile; fileRef = 1ADD94EB23CE2BA900360DED /* Main.storyboard */; };
		1ADD94EF23CE2BAA00360DED /* Assets.xcassets in Resources */ = {isa = PBXBuildFile; fileRef = 1ADD94EE23CE2BAA00360DED /* Assets.xcassets */; };
		1ADD94F223CE2BAA00360DED /* LaunchScreen.storyboard in Resources */ = {isa = PBXBuildFile; fileRef = 1ADD94F023CE2BAA00360DED /* LaunchScreen.storyboard */; };
		1ADD94FA23CE2E9D00360DED /* Person.swift in Sources */ = {isa = PBXBuildFile; fileRef = 1ADD94F923CE2E9D00360DED /* Person.swift */; };
/* End PBXBuildFile section */

/* Begin PBXFileReference section */
		1A3C9CF723CE371B000068B9 /* PersonController.swift */ = {isa = PBXFileReference; lastKnownFileType = sourcecode.swift; path = PersonController.swift; sourceTree = "<group>"; };
		1A3C9CFC23CE4114000068B9 /* PersonSearchTableViewController.swift */ = {isa = PBXFileReference; lastKnownFileType = sourcecode.swift; path = PersonSearchTableViewController.swift; sourceTree = "<group>"; };
		1A3C9CFE23CE417D000068B9 /* PersonTableViewCell.swift */ = {isa = PBXFileReference; lastKnownFileType = sourcecode.swift; path = PersonTableViewCell.swift; sourceTree = "<group>"; };
		1ADD94E223CE2BA900360DED /* FindACrew.app */ = {isa = PBXFileReference; explicitFileType = wrapper.application; includeInIndex = 0; path = FindACrew.app; sourceTree = BUILT_PRODUCTS_DIR; };
		1ADD94E523CE2BA900360DED /* AppDelegate.swift */ = {isa = PBXFileReference; lastKnownFileType = sourcecode.swift; path = AppDelegate.swift; sourceTree = "<group>"; };
		1ADD94E723CE2BA900360DED /* SceneDelegate.swift */ = {isa = PBXFileReference; lastKnownFileType = sourcecode.swift; path = SceneDelegate.swift; sourceTree = "<group>"; };
		1ADD94EC23CE2BA900360DED /* Base */ = {isa = PBXFileReference; lastKnownFileType = file.storyboard; name = Base; path = Base.lproj/Main.storyboard; sourceTree = "<group>"; };
		1ADD94EE23CE2BAA00360DED /* Assets.xcassets */ = {isa = PBXFileReference; lastKnownFileType = folder.assetcatalog; path = Assets.xcassets; sourceTree = "<group>"; };
		1ADD94F123CE2BAA00360DED /* Base */ = {isa = PBXFileReference; lastKnownFileType = file.storyboard; name = Base; path = Base.lproj/LaunchScreen.storyboard; sourceTree = "<group>"; };
		1ADD94F323CE2BAA00360DED /* Info.plist */ = {isa = PBXFileReference; lastKnownFileType = text.plist.xml; path = Info.plist; sourceTree = "<group>"; };
		1ADD94F923CE2E9D00360DED /* Person.swift */ = {isa = PBXFileReference; lastKnownFileType = sourcecode.swift; path = Person.swift; sourceTree = "<group>"; };
/* End PBXFileReference section */

/* Begin PBXFrameworksBuildPhase section */
		1ADD94DF23CE2BA900360DED /* Frameworks */ = {
			isa = PBXFrameworksBuildPhase;
			buildActionMask = 2147483647;
			files = (
			);
			runOnlyForDeploymentPostprocessing = 0;
		};
/* End PBXFrameworksBuildPhase section */

/* Begin PBXGroup section */
		1A3C9CF923CE371E000068B9 /* Controller */ = {
			isa = PBXGroup;
			children = (
				1A3C9CFB23CE40FF000068B9 /* View Controller */,
				1A3C9CFA23CE3726000068B9 /* Model Controller */,
			);
			path = Controller;
			sourceTree = "<group>";
		};
		1A3C9CFA23CE3726000068B9 /* Model Controller */ = {
			isa = PBXGroup;
			children = (
				1A3C9CF723CE371B000068B9 /* PersonController.swift */,
			);
			path = "Model Controller";
			sourceTree = "<group>";
		};
		1A3C9CFB23CE40FF000068B9 /* View Controller */ = {
			isa = PBXGroup;
			children = (
				1A3C9CFC23CE4114000068B9 /* PersonSearchTableViewController.swift */,
			);
			path = "View Controller";
			sourceTree = "<group>";
		};
		1ADD94D923CE2BA900360DED = {
			isa = PBXGroup;
			children = (
				1ADD94E423CE2BA900360DED /* FindACrew */,
				1ADD94E323CE2BA900360DED /* Products */,
			);
			sourceTree = "<group>";
		};
		1ADD94E323CE2BA900360DED /* Products */ = {
			isa = PBXGroup;
			children = (
				1ADD94E223CE2BA900360DED /* FindACrew.app */,
			);
			name = Products;
			sourceTree = "<group>";
		};
		1ADD94E423CE2BA900360DED /* FindACrew */ = {
			isa = PBXGroup;
			children = (
				1A3C9CFE23CE417D000068B9 /* PersonTableViewCell.swift */,
				1ADD94EB23CE2BA900360DED /* Main.storyboard */,
				1A3C9CF923CE371E000068B9 /* Controller */,
				1ADD94FC23CE30FF00360DED /* Model */,
				1ADD94FB23CE30F600360DED /* Resources */,
			);
			path = FindACrew;
			sourceTree = "<group>";
		};
		1ADD94FB23CE30F600360DED /* Resources */ = {
			isa = PBXGroup;
			children = (
				1ADD94E523CE2BA900360DED /* AppDelegate.swift */,
				1ADD94E723CE2BA900360DED /* SceneDelegate.swift */,
				1ADD94EE23CE2BAA00360DED /* Assets.xcassets */,
				1ADD94F023CE2BAA00360DED /* LaunchScreen.storyboard */,
				1ADD94F323CE2BAA00360DED /* Info.plist */,
			);
			path = Resources;
			sourceTree = "<group>";
		};
		1ADD94FC23CE30FF00360DED /* Model */ = {
			isa = PBXGroup;
			children = (
				1ADD94F923CE2E9D00360DED /* Person.swift */,
			);
			path = Model;
			sourceTree = "<group>";
		};
/* End PBXGroup section */

/* Begin PBXNativeTarget section */
		1ADD94E123CE2BA900360DED /* FindACrew */ = {
			isa = PBXNativeTarget;
			buildConfigurationList = 1ADD94F623CE2BAA00360DED /* Build configuration list for PBXNativeTarget "FindACrew" */;
			buildPhases = (
				1ADD94DE23CE2BA900360DED /* Sources */,
				1ADD94DF23CE2BA900360DED /* Frameworks */,
				1ADD94E023CE2BA900360DED /* Resources */,
			);
			buildRules = (
			);
			dependencies = (
			);
			name = FindACrew;
			productName = FindACrew;
			productReference = 1ADD94E223CE2BA900360DED /* FindACrew.app */;
			productType = "com.apple.product-type.application";
		};
/* End PBXNativeTarget section */

/* Begin PBXProject section */
		1ADD94DA23CE2BA900360DED /* Project object */ = {
			isa = PBXProject;
			attributes = {
				LastSwiftUpdateCheck = 1130;
				LastUpgradeCheck = 1130;
				ORGANIZATIONNAME = "Aaron Cleveland";
				TargetAttributes = {
					1ADD94E123CE2BA900360DED = {
						CreatedOnToolsVersion = 11.3;
					};
				};
			};
			buildConfigurationList = 1ADD94DD23CE2BA900360DED /* Build configuration list for PBXProject "FindACrew" */;
			compatibilityVersion = "Xcode 9.3";
			developmentRegion = en;
			hasScannedForEncodings = 0;
			knownRegions = (
				en,
				Base,
			);
			mainGroup = 1ADD94D923CE2BA900360DED;
			productRefGroup = 1ADD94E323CE2BA900360DED /* Products */;
			projectDirPath = "";
			projectRoot = "";
			targets = (
				1ADD94E123CE2BA900360DED /* FindACrew */,
			);
		};
/* End PBXProject section */

/* Begin PBXResourcesBuildPhase section */
		1ADD94E023CE2BA900360DED /* Resources */ = {
			isa = PBXResourcesBuildPhase;
			buildActionMask = 2147483647;
			files = (
				1ADD94F223CE2BAA00360DED /* LaunchScreen.storyboard in Resources */,
				1ADD94EF23CE2BAA00360DED /* Assets.xcassets in Resources */,
				1ADD94ED23CE2BA900360DED /* Main.storyboard in Resources */,
			);
			runOnlyForDeploymentPostprocessing = 0;
		};
/* End PBXResourcesBuildPhase section */

/* Begin PBXSourcesBuildPhase section */
		1ADD94DE23CE2BA900360DED /* Sources */ = {
			isa = PBXSourcesBuildPhase;
			buildActionMask = 2147483647;
			files = (
				1A3C9CFF23CE417D000068B9 /* PersonTableViewCell.swift in Sources */,
				1A3C9CF823CE371B000068B9 /* PersonController.swift in Sources */,
				1A3C9CFD23CE4114000068B9 /* PersonSearchTableViewController.swift in Sources */,
				1ADD94E623CE2BA900360DED /* AppDelegate.swift in Sources */,
				1ADD94FA23CE2E9D00360DED /* Person.swift in Sources */,
				1ADD94E823CE2BA900360DED /* SceneDelegate.swift in Sources */,
			);
			runOnlyForDeploymentPostprocessing = 0;
		};
/* End PBXSourcesBuildPhase section */

/* Begin PBXVariantGroup section */
		1ADD94EB23CE2BA900360DED /* Main.storyboard */ = {
			isa = PBXVariantGroup;
			children = (
				1ADD94EC23CE2BA900360DED /* Base */,
			);
			name = Main.storyboard;
			sourceTree = "<group>";
		};
		1ADD94F023CE2BAA00360DED /* LaunchScreen.storyboard */ = {
			isa = PBXVariantGroup;
			children = (
				1ADD94F123CE2BAA00360DED /* Base */,
			);
			name = LaunchScreen.storyboard;
			sourceTree = "<group>";
		};
/* End PBXVariantGroup section */

/* Begin XCBuildConfiguration section */
		1ADD94F423CE2BAA00360DED /* Debug */ = {
			isa = XCBuildConfiguration;
			buildSettings = {
				ALWAYS_SEARCH_USER_PATHS = NO;
				CLANG_ANALYZER_NONNULL = YES;
				CLANG_ANALYZER_NUMBER_OBJECT_CONVERSION = YES_AGGRESSIVE;
				CLANG_CXX_LANGUAGE_STANDARD = "gnu++14";
				CLANG_CXX_LIBRARY = "libc++";
				CLANG_ENABLE_MODULES = YES;
				CLANG_ENABLE_OBJC_ARC = YES;
				CLANG_ENABLE_OBJC_WEAK = YES;
				CLANG_WARN_BLOCK_CAPTURE_AUTORELEASING = YES;
				CLANG_WARN_BOOL_CONVERSION = YES;
				CLANG_WARN_COMMA = YES;
				CLANG_WARN_CONSTANT_CONVERSION = YES;
				CLANG_WARN_DEPRECATED_OBJC_IMPLEMENTATIONS = YES;
				CLANG_WARN_DIRECT_OBJC_ISA_USAGE = YES_ERROR;
				CLANG_WARN_DOCUMENTATION_COMMENTS = YES;
				CLANG_WARN_EMPTY_BODY = YES;
				CLANG_WARN_ENUM_CONVERSION = YES;
				CLANG_WARN_INFINITE_RECURSION = YES;
				CLANG_WARN_INT_CONVERSION = YES;
				CLANG_WARN_NON_LITERAL_NULL_CONVERSION = YES;
				CLANG_WARN_OBJC_IMPLICIT_RETAIN_SELF = YES;
				CLANG_WARN_OBJC_LITERAL_CONVERSION = YES;
				CLANG_WARN_OBJC_ROOT_CLASS = YES_ERROR;
				CLANG_WARN_RANGE_LOOP_ANALYSIS = YES;
				CLANG_WARN_STRICT_PROTOTYPES = YES;
				CLANG_WARN_SUSPICIOUS_MOVE = YES;
				CLANG_WARN_UNGUARDED_AVAILABILITY = YES_AGGRESSIVE;
				CLANG_WARN_UNREACHABLE_CODE = YES;
				CLANG_WARN__DUPLICATE_METHOD_MATCH = YES;
				COPY_PHASE_STRIP = NO;
				DEBUG_INFORMATION_FORMAT = dwarf;
				ENABLE_STRICT_OBJC_MSGSEND = YES;
				ENABLE_TESTABILITY = YES;
				GCC_C_LANGUAGE_STANDARD = gnu11;
				GCC_DYNAMIC_NO_PIC = NO;
				GCC_NO_COMMON_BLOCKS = YES;
				GCC_OPTIMIZATION_LEVEL = 0;
				GCC_PREPROCESSOR_DEFINITIONS = (
					"DEBUG=1",
					"$(inherited)",
				);
				GCC_WARN_64_TO_32_BIT_CONVERSION = YES;
				GCC_WARN_ABOUT_RETURN_TYPE = YES_ERROR;
				GCC_WARN_UNDECLARED_SELECTOR = YES;
				GCC_WARN_UNINITIALIZED_AUTOS = YES_AGGRESSIVE;
				GCC_WARN_UNUSED_FUNCTION = YES;
				GCC_WARN_UNUSED_VARIABLE = YES;
				IPHONEOS_DEPLOYMENT_TARGET = 13.2;
				MTL_ENABLE_DEBUG_INFO = INCLUDE_SOURCE;
				MTL_FAST_MATH = YES;
				ONLY_ACTIVE_ARCH = YES;
				SDKROOT = iphoneos;
				SWIFT_ACTIVE_COMPILATION_CONDITIONS = DEBUG;
				SWIFT_OPTIMIZATION_LEVEL = "-Onone";
			};
			name = Debug;
		};
		1ADD94F523CE2BAA00360DED /* Release */ = {
			isa = XCBuildConfiguration;
			buildSettings = {
				ALWAYS_SEARCH_USER_PATHS = NO;
				CLANG_ANALYZER_NONNULL = YES;
				CLANG_ANALYZER_NUMBER_OBJECT_CONVERSION = YES_AGGRESSIVE;
				CLANG_CXX_LANGUAGE_STANDARD = "gnu++14";
				CLANG_CXX_LIBRARY = "libc++";
				CLANG_ENABLE_MODULES = YES;
				CLANG_ENABLE_OBJC_ARC = YES;
				CLANG_ENABLE_OBJC_WEAK = YES;
				CLANG_WARN_BLOCK_CAPTURE_AUTORELEASING = YES;
				CLANG_WARN_BOOL_CONVERSION = YES;
				CLANG_WARN_COMMA = YES;
				CLANG_WARN_CONSTANT_CONVERSION = YES;
				CLANG_WARN_DEPRECATED_OBJC_IMPLEMENTATIONS = YES;
				CLANG_WARN_DIRECT_OBJC_ISA_USAGE = YES_ERROR;
				CLANG_WARN_DOCUMENTATION_COMMENTS = YES;
				CLANG_WARN_EMPTY_BODY = YES;
				CLANG_WARN_ENUM_CONVERSION = YES;
				CLANG_WARN_INFINITE_RECURSION = YES;
				CLANG_WARN_INT_CONVERSION = YES;
				CLANG_WARN_NON_LITERAL_NULL_CONVERSION = YES;
				CLANG_WARN_OBJC_IMPLICIT_RETAIN_SELF = YES;
				CLANG_WARN_OBJC_LITERAL_CONVERSION = YES;
				CLANG_WARN_OBJC_ROOT_CLASS = YES_ERROR;
				CLANG_WARN_RANGE_LOOP_ANALYSIS = YES;
				CLANG_WARN_STRICT_PROTOTYPES = YES;
				CLANG_WARN_SUSPICIOUS_MOVE = YES;
				CLANG_WARN_UNGUARDED_AVAILABILITY = YES_AGGRESSIVE;
				CLANG_WARN_UNREACHABLE_CODE = YES;
				CLANG_WARN__DUPLICATE_METHOD_MATCH = YES;
				COPY_PHASE_STRIP = NO;
				DEBUG_INFORMATION_FORMAT = "dwarf-with-dsym";
				ENABLE_NS_ASSERTIONS = NO;
				ENABLE_STRICT_OBJC_MSGSEND = YES;
				GCC_C_LANGUAGE_STANDARD = gnu11;
				GCC_NO_COMMON_BLOCKS = YES;
				GCC_WARN_64_TO_32_BIT_CONVERSION = YES;
				GCC_WARN_ABOUT_RETURN_TYPE = YES_ERROR;
				GCC_WARN_UNDECLARED_SELECTOR = YES;
				GCC_WARN_UNINITIALIZED_AUTOS = YES_AGGRESSIVE;
				GCC_WARN_UNUSED_FUNCTION = YES;
				GCC_WARN_UNUSED_VARIABLE = YES;
				IPHONEOS_DEPLOYMENT_TARGET = 13.2;
				MTL_ENABLE_DEBUG_INFO = NO;
				MTL_FAST_MATH = YES;
				SDKROOT = iphoneos;
				SWIFT_COMPILATION_MODE = wholemodule;
				SWIFT_OPTIMIZATION_LEVEL = "-O";
				VALIDATE_PRODUCT = YES;
			};
			name = Release;
		};
		1ADD94F723CE2BAA00360DED /* Debug */ = {
			isa = XCBuildConfiguration;
			buildSettings = {
				ASSETCATALOG_COMPILER_APPICON_NAME = AppIcon;
				CODE_SIGN_STYLE = Automatic;
				INFOPLIST_FILE = "$(SRCROOT)/FindACrew/Resources/Info.plist";
				LD_RUNPATH_SEARCH_PATHS = (
					"$(inherited)",
					"@executable_path/Frameworks",
				);
				PRODUCT_BUNDLE_IDENTIFIER = com.AaronCleveland.FindACrew;
				PRODUCT_NAME = "$(TARGET_NAME)";
				SWIFT_VERSION = 5.0;
				TARGETED_DEVICE_FAMILY = "1,2";
			};
			name = Debug;
		};
		1ADD94F823CE2BAA00360DED /* Release */ = {
			isa = XCBuildConfiguration;
			buildSettings = {
				ASSETCATALOG_COMPILER_APPICON_NAME = AppIcon;
				CODE_SIGN_STYLE = Automatic;
				INFOPLIST_FILE = "$(SRCROOT)/FindACrew/Resources/Info.plist";
				LD_RUNPATH_SEARCH_PATHS = (
					"$(inherited)",
					"@executable_path/Frameworks",
				);
				PRODUCT_BUNDLE_IDENTIFIER = com.AaronCleveland.FindACrew;
				PRODUCT_NAME = "$(TARGET_NAME)";
				SWIFT_VERSION = 5.0;
				TARGETED_DEVICE_FAMILY = "1,2";
			};
			name = Release;
		};
/* End XCBuildConfiguration section */

/* Begin XCConfigurationList section */
		1ADD94DD23CE2BA900360DED /* Build configuration list for PBXProject "FindACrew" */ = {
			isa = XCConfigurationList;
			buildConfigurations = (
				1ADD94F423CE2BAA00360DED /* Debug */,
				1ADD94F523CE2BAA00360DED /* Release */,
			);
			defaultConfigurationIsVisible = 0;
			defaultConfigurationName = Release;
		};
		1ADD94F623CE2BAA00360DED /* Build configuration list for PBXNativeTarget "FindACrew" */ = {
			isa = XCConfigurationList;
			buildConfigurations = (
				1ADD94F723CE2BAA00360DED /* Debug */,
				1ADD94F823CE2BAA00360DED /* Release */,
			);
			defaultConfigurationIsVisible = 0;
			defaultConfigurationName = Release;
		};
/* End XCConfigurationList section */
	};
	rootObject = 1ADD94DA23CE2BA900360DED /* Project object */;
}
